
Microsoft Visual Studio Solution File, Format Version 12.00
# Visual Studio Version 17
VisualStudioVersion = 17.0.31903.59
MinimumVisualStudioVersion = 10.0.40219.1
Project("{FAE04EC0-301F-11D3-BF4B-00C04F79EFBC}") = "ShopApp.Api", "src\Monolith\ShopApp.Api\ShopApp.Api.csproj", "{873277AD-77FE-4433-BC97-461A07132D44}"
EndProject
Project("{FAE04EC0-301F-11D3-BF4B-00C04F79EFBC}") = "ShopApp.Application", "src\Monolith\ShopApp.Application\ShopApp.Application.csproj", "{69D9545C-2AB5-4D12-BFC0-FFC9C235D685}"
EndProject
Project("{FAE04EC0-301F-11D3-BF4B-00C04F79EFBC}") = "ShopApp.Domain", "src\Monolith\ShopApp.Domain\ShopApp.Domain.csproj", "{79C32627-B58E-4B7D-A80A-A1E891CF0451}"
EndProject
Project("{2150E333-8FDC-42A3-9474-1A3956D46DE8}") = "src", "src", "{827E0CD3-B72D-47B6-A68D-7590B98EB39B}"
	ProjectSection(SolutionItems) = preProject
		src\NewFile1.txt = src\NewFile1.txt
	EndProjectSection
EndProject
Project("{2150E333-8FDC-42A3-9474-1A3956D46DE8}") = "MicroServices", "MicroServices", "{984BB9B3-3FA3-BE33-9484-CAC21695A33C}"
EndProject
Project("{2150E333-8FDC-42A3-9474-1A3956D46DE8}") = "Monolith", "Monolith", "{729A333E-ABD6-BEB7-26CA-C39A7539F140}"
EndProject
Project("{FAE04EC0-301F-11D3-BF4B-00C04F79EFBC}") = "ShopApp.Infrastructure", "src\Monolith\ShopApp.Infrastructure\ShopApp.Infrastructure.csproj", "{5A935F80-2550-47C7-BB86-333ABA5F7EFF}"
EndProject
Project("{2150E333-8FDC-42A3-9474-1A3956D46DE8}") = "MicroService", "MicroService", "{DC637CAE-D483-3332-7119-DD055F087308}"
EndProject
Project("{FAE04EC0-301F-11D3-BF4B-00C04F79EFBC}") = "KategoriServis", "src\Services\Servisler\KategoriServis\KategoriServis.csproj", "{FCE79DBF-38A3-4FAF-8D77-1E066DC183C8}"
EndProject
Project("{FAE04EC0-301F-11D3-BF4B-00C04F79EFBC}") = "StokServis", "src\Services\Servisler\StokServis\StokServis.csproj", "{A2643240-3C77-42C7-A3C5-059573FEAF14}"
EndProject
Project("{FAE04EC0-301F-11D3-BF4B-00C04F79EFBC}") = "KargoServis", "src\Services\Servisler\KargoServis\KargoServis.csproj", "{A8C3BABE-5DF7-46E3-8822-7ECFF5FB550F}"
EndProject
Global
	GlobalSection(SolutionConfigurationPlatforms) = preSolution
		Debug|Any CPU = Debug|Any CPU
		Debug|x64 = Debug|x64
		Debug|x86 = Debug|x86
		Release|Any CPU = Release|Any CPU
		Release|x64 = Release|x64
		Release|x86 = Release|x86
	EndGlobalSection
	GlobalSection(ProjectConfigurationPlatforms) = postSolution
		{873277AD-77FE-4433-BC97-461A07132D44}.Debug|Any CPU.ActiveCfg = Debug|Any CPU
		{873277AD-77FE-4433-BC97-461A07132D44}.Debug|Any CPU.Build.0 = Debug|Any CPU
		{873277AD-77FE-4433-BC97-461A07132D44}.Debug|x64.ActiveCfg = Debug|Any CPU
		{873277AD-77FE-4433-BC97-461A07132D44}.Debug|x64.Build.0 = Debug|Any CPU
		{873277AD-77FE-4433-BC97-461A07132D44}.Debug|x86.ActiveCfg = Debug|Any CPU
		{873277AD-77FE-4433-BC97-461A07132D44}.Debug|x86.Build.0 = Debug|Any CPU
		{873277AD-77FE-4433-BC97-461A07132D44}.Release|Any CPU.ActiveCfg = Release|Any CPU
		{873277AD-77FE-4433-BC97-461A07132D44}.Release|Any CPU.Build.0 = Release|Any CPU
		{873277AD-77FE-4433-BC97-461A07132D44}.Release|x64.ActiveCfg = Release|Any CPU
		{873277AD-77FE-4433-BC97-461A07132D44}.Release|x64.Build.0 = Release|Any CPU
		{873277AD-77FE-4433-BC97-461A07132D44}.Release|x86.ActiveCfg = Release|Any CPU
		{873277AD-77FE-4433-BC97-461A07132D44}.Release|x86.Build.0 = Release|Any CPU
		{69D9545C-2AB5-4D12-BFC0-FFC9C235D685}.Debug|Any CPU.ActiveCfg = Debug|Any CPU
		{69D9545C-2AB5-4D12-BFC0-FFC9C235D685}.Debug|Any CPU.Build.0 = Debug|Any CPU
		{69D9545C-2AB5-4D12-BFC0-FFC9C235D685}.Debug|x64.ActiveCfg = Debug|Any CPU
		{69D9545C-2AB5-4D12-BFC0-FFC9C235D685}.Debug|x64.Build.0 = Debug|Any CPU
		{69D9545C-2AB5-4D12-BFC0-FFC9C235D685}.Debug|x86.ActiveCfg = Debug|Any CPU
		{69D9545C-2AB5-4D12-BFC0-FFC9C235D685}.Debug|x86.Build.0 = Debug|Any CPU
		{69D9545C-2AB5-4D12-BFC0-FFC9C235D685}.Release|Any CPU.ActiveCfg = Release|Any CPU
		{69D9545C-2AB5-4D12-BFC0-FFC9C235D685}.Release|Any CPU.Build.0 = Release|Any CPU
		{69D9545C-2AB5-4D12-BFC0-FFC9C235D685}.Release|x64.ActiveCfg = Release|Any CPU
		{69D9545C-2AB5-4D12-BFC0-FFC9C235D685}.Release|x64.Build.0 = Release|Any CPU
		{69D9545C-2AB5-4D12-BFC0-FFC9C235D685}.Release|x86.ActiveCfg = Release|Any CPU
		{69D9545C-2AB5-4D12-BFC0-FFC9C235D685}.Release|x86.Build.0 = Release|Any CPU
		{79C32627-B58E-4B7D-A80A-A1E891CF0451}.Debug|Any CPU.ActiveCfg = Debug|Any CPU
		{79C32627-B58E-4B7D-A80A-A1E891CF0451}.Debug|Any CPU.Build.0 = Debug|Any CPU
		{79C32627-B58E-4B7D-A80A-A1E891CF0451}.Debug|x64.ActiveCfg = Debug|Any CPU
		{79C32627-B58E-4B7D-A80A-A1E891CF0451}.Debug|x64.Build.0 = Debug|Any CPU
		{79C32627-B58E-4B7D-A80A-A1E891CF0451}.Debug|x86.ActiveCfg = Debug|Any CPU
		{79C32627-B58E-4B7D-A80A-A1E891CF0451}.Debug|x86.Build.0 = Debug|Any CPU
		{79C32627-B58E-4B7D-A80A-A1E891CF0451}.Release|Any CPU.ActiveCfg = Release|Any CPU
		{79C32627-B58E-4B7D-A80A-A1E891CF0451}.Release|Any CPU.Build.0 = Release|Any CPU
		{79C32627-B58E-4B7D-A80A-A1E891CF0451}.Release|x64.ActiveCfg = Release|Any CPU
		{79C32627-B58E-4B7D-A80A-A1E891CF0451}.Release|x64.Build.0 = Release|Any CPU
		{79C32627-B58E-4B7D-A80A-A1E891CF0451}.Release|x86.ActiveCfg = Release|Any CPU
		{79C32627-B58E-4B7D-A80A-A1E891CF0451}.Release|x86.Build.0 = Release|Any CPU
		{5A935F80-2550-47C7-BB86-333ABA5F7EFF}.Debug|Any CPU.ActiveCfg = Debug|Any CPU
		{5A935F80-2550-47C7-BB86-333ABA5F7EFF}.Debug|Any CPU.Build.0 = Debug|Any CPU
		{5A935F80-2550-47C7-BB86-333ABA5F7EFF}.Debug|x64.ActiveCfg = Debug|Any CPU
		{5A935F80-2550-47C7-BB86-333ABA5F7EFF}.Debug|x64.Build.0 = Debug|Any CPU
		{5A935F80-2550-47C7-BB86-333ABA5F7EFF}.Debug|x86.ActiveCfg = Debug|Any CPU
		{5A935F80-2550-47C7-BB86-333ABA5F7EFF}.Debug|x86.Build.0 = Debug|Any CPU
		{5A935F80-2550-47C7-BB86-333ABA5F7EFF}.Release|Any CPU.ActiveCfg = Release|Any CPU
		{5A935F80-2550-47C7-BB86-333ABA5F7EFF}.Release|Any CPU.Build.0 = Release|Any CPU
		{5A935F80-2550-47C7-BB86-333ABA5F7EFF}.Release|x64.ActiveCfg = Release|Any CPU
		{5A935F80-2550-47C7-BB86-333ABA5F7EFF}.Release|x64.Build.0 = Release|Any CPU
		{5A935F80-2550-47C7-BB86-333ABA5F7EFF}.Release|x86.ActiveCfg = Release|Any CPU
		{5A935F80-2550-47C7-BB86-333ABA5F7EFF}.Release|x86.Build.0 = Release|Any CPU
		{FCE79DBF-38A3-4FAF-8D77-1E066DC183C8}.Debug|Any CPU.ActiveCfg = Debug|Any CPU
		{FCE79DBF-38A3-4FAF-8D77-1E066DC183C8}.Debug|Any CPU.Build.0 = Debug|Any CPU
		{FCE79DBF-38A3-4FAF-8D77-1E066DC183C8}.Debug|x64.ActiveCfg = Debug|Any CPU
		{FCE79DBF-38A3-4FAF-8D77-1E066DC183C8}.Debug|x64.Build.0 = Debug|Any CPU
		{FCE79DBF-38A3-4FAF-8D77-1E066DC183C8}.Debug|x86.ActiveCfg = Debug|Any CPU
		{FCE79DBF-38A3-4FAF-8D77-1E066DC183C8}.Debug|x86.Build.0 = Debug|Any CPU
		{FCE79DBF-38A3-4FAF-8D77-1E066DC183C8}.Release|Any CPU.ActiveCfg = Release|Any CPU
		{FCE79DBF-38A3-4FAF-8D77-1E066DC183C8}.Release|Any CPU.Build.0 = Release|Any CPU
		{FCE79DBF-38A3-4FAF-8D77-1E066DC183C8}.Release|x64.ActiveCfg = Release|Any CPU
		{FCE79DBF-38A3-4FAF-8D77-1E066DC183C8}.Release|x64.Build.0 = Release|Any CPU
		{FCE79DBF-38A3-4FAF-8D77-1E066DC183C8}.Release|x86.ActiveCfg = Release|Any CPU
		{FCE79DBF-38A3-4FAF-8D77-1E066DC183C8}.Release|x86.Build.0 = Release|Any CPU
		{A2643240-3C77-42C7-A3C5-059573FEAF14}.Debug|Any CPU.ActiveCfg = Debug|Any CPU
		{A2643240-3C77-42C7-A3C5-059573FEAF14}.Debug|Any CPU.Build.0 = Debug|Any CPU
		{A2643240-3C77-42C7-A3C5-059573FEAF14}.Debug|x64.ActiveCfg = Debug|Any CPU
		{A2643240-3C77-42C7-A3C5-059573FEAF14}.Debug|x64.Build.0 = Debug|Any CPU
		{A2643240-3C77-42C7-A3C5-059573FEAF14}.Debug|x86.ActiveCfg = Debug|Any CPU
		{A2643240-3C77-42C7-A3C5-059573FEAF14}.Debug|x86.Build.0 = Debug|Any CPU
		{A2643240-3C77-42C7-A3C5-059573FEAF14}.Release|Any CPU.ActiveCfg = Release|Any CPU
		{A2643240-3C77-42C7-A3C5-059573FEAF14}.Release|Any CPU.Build.0 = Release|Any CPU
		{A2643240-3C77-42C7-A3C5-059573FEAF14}.Release|x64.ActiveCfg = Release|Any CPU
		{A2643240-3C77-42C7-A3C5-059573FEAF14}.Release|x64.Build.0 = Release|Any CPU
		{A2643240-3C77-42C7-A3C5-059573FEAF14}.Release|x86.ActiveCfg = Release|Any CPU
		{A2643240-3C77-42C7-A3C5-059573FEAF14}.Release|x86.Build.0 = Release|Any CPU
		{A8C3BABE-5DF7-46E3-8822-7ECFF5FB550F}.Debug|Any CPU.ActiveCfg = Debug|Any CPU
		{A8C3BABE-5DF7-46E3-8822-7ECFF5FB550F}.Debug|Any CPU.Build.0 = Debug|Any CPU
		{A8C3BABE-5DF7-46E3-8822-7ECFF5FB550F}.Debug|x64.ActiveCfg = Debug|Any CPU
		{A8C3BABE-5DF7-46E3-8822-7ECFF5FB550F}.Debug|x64.Build.0 = Debug|Any CPU
		{A8C3BABE-5DF7-46E3-8822-7ECFF5FB550F}.Debug|x86.ActiveCfg = Debug|Any CPU
		{A8C3BABE-5DF7-46E3-8822-7ECFF5FB550F}.Debug|x86.Build.0 = Debug|Any CPU
		{A8C3BABE-5DF7-46E3-8822-7ECFF5FB550F}.Release|Any CPU.ActiveCfg = Release|Any CPU
		{A8C3BABE-5DF7-46E3-8822-7ECFF5FB550F}.Release|Any CPU.Build.0 = Release|Any CPU
		{A8C3BABE-5DF7-46E3-8822-7ECFF5FB550F}.Release|x64.ActiveCfg = Release|Any CPU
		{A8C3BABE-5DF7-46E3-8822-7ECFF5FB550F}.Release|x64.Build.0 = Release|Any CPU
		{A8C3BABE-5DF7-46E3-8822-7ECFF5FB550F}.Release|x86.ActiveCfg = Release|Any CPU
		{A8C3BABE-5DF7-46E3-8822-7ECFF5FB550F}.Release|x86.Build.0 = Release|Any CPU
	EndGlobalSection
	GlobalSection(SolutionProperties) = preSolution
		HideSolutionNode = FALSE
	EndGlobalSection
	GlobalSection(NestedProjects) = preSolution
		{873277AD-77FE-4433-BC97-461A07132D44} = {729A333E-ABD6-BEB7-26CA-C39A7539F140}
		{69D9545C-2AB5-4D12-BFC0-FFC9C235D685} = {729A333E-ABD6-BEB7-26CA-C39A7539F140}
		{79C32627-B58E-4B7D-A80A-A1E891CF0451} = {729A333E-ABD6-BEB7-26CA-C39A7539F140}
		{984BB9B3-3FA3-BE33-9484-CAC21695A33C} = {827E0CD3-B72D-47B6-A68D-7590B98EB39B}
		{729A333E-ABD6-BEB7-26CA-C39A7539F140} = {827E0CD3-B72D-47B6-A68D-7590B98EB39B}
		{5A935F80-2550-47C7-BB86-333ABA5F7EFF} = {729A333E-ABD6-BEB7-26CA-C39A7539F140}
		{DC637CAE-D483-3332-7119-DD055F087308} = {984BB9B3-3FA3-BE33-9484-CAC21695A33C}
		{FCE79DBF-38A3-4FAF-8D77-1E066DC183C8} = {DC637CAE-D483-3332-7119-DD055F087308}
		{A2643240-3C77-42C7-A3C5-059573FEAF14} = {DC637CAE-D483-3332-7119-DD055F087308}
		{A8C3BABE-5DF7-46E3-8822-7ECFF5FB550F} = {DC637CAE-D483-3332-7119-DD055F087308}
	EndGlobalSection
EndGlobal
